github.com/btcsuite/btclog v0.0.0-20170628155309-84c8d2346e9f h1:bAs4lUbRJpnnkd9VhRV3jjAVU7DJVjMaK+IsvSeZvFo=
github.com/btcsuite/btclog v0.0.0-20170628155309-84c8d2346e9f/go.mod h1:TdznJufoqS23FtqVCzL0ZqgP5MqXbb4fg/WgDys70nA=
github.com/btcsuite/go-socks v0.0.0-20170105172521-4720035b7bfd/go.mod h1:HHNXQzUsZCxOoE+CPiyCTO6x34Zs86zZUiwtpXoGdtg=
github.com/btcsuite/websocket v0.0.0-20150119174127-31079b680792 h1:R8vQdOQdZ9Y3SkEwmHoWBmX1DNXhXZqlTpq6s4tyJGc=
github.com/btcsuite/websocket v0.0.0-20150119174127-31079b680792/go.mod h1:ghJtEyQwv5/p4Mg4C0fgbePVuGr935/5ddU9Z3TmDRY=
github.com/davecgh/go-spew v1.1.1/go.mod h1:J7Y8YcW2NihsgmVo/mv3lAwl/skON4iLHjSsI+c5H38=
github.com/jfixby/coinharness v0.0.0-20190613194841-d42f516e0ec9 h1:MhYnoKM1rf2F0qGa7agye7b9hLzjU9hKGArYVILCj0g=
github.com/jfixby/coinharness v0.0.0-20190613194841-d42f516e0ec9/go.mod h1:d/brli3srPhkdmg/3B9ZnaxEj6SgbZbGj27eapvPwOY=
github.com/jfixby/pin v0.0.0-20190710110006-3a0c64d1d648 h1:o4+POdA9WgpFwhdd+qxTt/d6SDqMXOcxbBn5CO2OEH4=
github.com/jfixby/pin v0.0.0-20190710110006-3a0c64d1d648/go.mod h1:fcyyZW36sY5GM2qsX/sewjJu7y5ngGKoELUbDEccDqY=
github.com/picfight/pfcd v0.0.0-20190715191859-67c5534f1199 h1:Kf/AxJIkV55aV6CGKB0/zZh6Xz3j4OPyFlGXyXmunu4=
github.com/picfight/pfcd v0.0.0-20190715191859-67c5534f1199/go.mod h1:pI2gIaAMoovLdAsJQ2vi1wSdUx8s+IBpkfpqlsYKsOI=
github.com/picfight/pfcharness v0.0.0-20190715192321-75a619809af9 h1:LfNZ6jdJ2LnRN2NbnYCWy1aOIkulzIqQO++Wr3S+JmU=
github.com/picfight/pfcharness v0.0.0-20190715192321-75a619809af9/go.mod h1:VsrBjNe0JhSWQw4W8hgvrGZgEAiwW1bRzi5KVGIfIXU=
github.com/picfight/pfcutil v0.0.0-20190715191726-196f7b8a72bb h1:PDbAzDNl87XBA2Mhdwkm+COjhJeECJDi+gJ4VyDoNoE=
github.com/picfight/pfcutil v0.0.0-20190715191726-196f7b8a72bb/go.mod h1:a/cr+Pl8JX8YXwnTiElxleKLXiJVfgNY6+se/eAQoOg=
golang.org/x/crypto v0.0.0-20190308221718-c2843e01d9a2/go.mod h1:djNgcEr1/C05ACkg1iLfiJU5Ep61QUkGW8qpdssI0+w=
golang.org/x/crypto v0.0.0-20190701094942-4def268fd1a4 h1:HuIa8hRrWRSrqYzx1qI49NNxhdi2PrY7gxVSq1JjLDc=
golang.org/x/crypto v0.0.0-20190701094942-4def268fd1a4/go.mod h1:yigFU9vqHzYiE8UmvKecakEJjdnWj3jj499lnFckfCI=
golang.org/x/net v0.0.0-20190404232315-eb5bcb51f2a3/go.mod h1:t9HGtf8HONx5eT2rtn7q6eTqICYqUVnKs3thJo3Qplg=
golang.org/x/sys v0.0.0-20190215142949-d0b11bdaac8a/go.mod h1:STP8DvDyc/dI5b8T5hshtkjS+E42TnysNCUPdjciGhY=
golang.org/x/sys v0.0.0-20190412213103-97732733099d/go.mod h1:h1NjWce9XRLGQEsW7wpKNCjG9DtNlClVuFLEZdDNbEs=
golang.org/x/text v0.3.0/go.mod h1:NqM8EUOU14njkJ3fqMW+pc6Ldnwhi/IjpwHt7yyuwOQ=
